# Generated by buf. DO NOT EDIT.
version: v2
deps:
  - name: buf.build/googleapis/googleapis
    commit: 546238c53f7340c6a2a6099fb863bc1b
    digest: b5:e017bbf31a3f912e2b969c03c3aa711f466cfe104f510865d1a8ede1be490240aabd4cca5865459a0f15222747284395f98afc094b0fd086e8917a5a7bdd9db0
  - name: buf.build/luthersystems/protos
    commit: 56859e23d9b143f1bbcf2f0f940ebeaa
    digest: b5:5b2cab0fb60e06b737d2458e63aa69ae6d7ee830ad1f71dab82e2281f3b983f0b056d9579f0e1f17d89703f12aa1097c45e7be6fc8e365865e280596485018ba
